
Microsoft Visual Studio Solution File, Format Version 12.00
# Visual Studio Version 17
VisualStudioVersion = 17.12.35707.178
MinimumVisualStudioVersion = 10.0.40219.1
Project("{FAE04EC0-301F-11D3-BF4B-00C04F79EFBC}") = "Hello world", "Hello world\Hello world.csproj", "{3E05B522-710C-43B2-B547-B99CA561C328}"
EndProject
Project("{FAE04EC0-301F-11D3-BF4B-00C04F79EFBC}") = "Playing with types", "Playing with types\Playing with types.csproj", "{3001332E-0599-445F-B950-09B9978A0C2F}"
EndProject
Project("{FAE04EC0-301F-11D3-BF4B-00C04F79EFBC}") = "Value parameters vs reference parameters", "Value parameters vs reference parameters\Value parameters vs reference parameters.csproj", "{47D040DE-BDC5-4B77-A8CA-2E84268067F3}"
EndProject
Project("{FAE04EC0-301F-11D3-BF4B-00C04F79EFBC}") = "WebPageDownloader", "WebPageDownloader\WebPageDownloader.csproj", "{EA551617-8D6A-401D-8988-2BC8F0AE48B2}"
EndProject
Project("{FAE04EC0-301F-11D3-BF4B-00C04F79EFBC}") = "HttpListener", "HttpListener\HttpListener.csproj", "{3D811C26-CD50-434A-BA3B-A8C6339F9038}"
EndProject
Global
	GlobalSection(SolutionConfigurationPlatforms) = preSolution
		Debug|Any CPU = Debug|Any CPU
		Release|Any CPU = Release|Any CPU
	EndGlobalSection
	GlobalSection(ProjectConfigurationPlatforms) = postSolution
		{3E05B522-710C-43B2-B547-B99CA561C328}.Debug|Any CPU.ActiveCfg = Debug|Any CPU
		{3E05B522-710C-43B2-B547-B99CA561C328}.Debug|Any CPU.Build.0 = Debug|Any CPU
		{3E05B522-710C-43B2-B547-B99CA561C328}.Release|Any CPU.ActiveCfg = Release|Any CPU
		{3E05B522-710C-43B2-B547-B99CA561C328}.Release|Any CPU.Build.0 = Release|Any CPU
		{3001332E-0599-445F-B950-09B9978A0C2F}.Debug|Any CPU.ActiveCfg = Debug|Any CPU
		{3001332E-0599-445F-B950-09B9978A0C2F}.Debug|Any CPU.Build.0 = Debug|Any CPU
		{3001332E-0599-445F-B950-09B9978A0C2F}.Release|Any CPU.ActiveCfg = Release|Any CPU
		{3001332E-0599-445F-B950-09B9978A0C2F}.Release|Any CPU.Build.0 = Release|Any CPU
		{47D040DE-BDC5-4B77-A8CA-2E84268067F3}.Debug|Any CPU.ActiveCfg = Debug|Any CPU
		{47D040DE-BDC5-4B77-A8CA-2E84268067F3}.Debug|Any CPU.Build.0 = Debug|Any CPU
		{47D040DE-BDC5-4B77-A8CA-2E84268067F3}.Release|Any CPU.ActiveCfg = Release|Any CPU
		{47D040DE-BDC5-4B77-A8CA-2E84268067F3}.Release|Any CPU.Build.0 = Release|Any CPU
		{EA551617-8D6A-401D-8988-2BC8F0AE48B2}.Debug|Any CPU.ActiveCfg = Debug|Any CPU
		{EA551617-8D6A-401D-8988-2BC8F0AE48B2}.Debug|Any CPU.Build.0 = Debug|Any CPU
		{EA551617-8D6A-401D-8988-2BC8F0AE48B2}.Release|Any CPU.ActiveCfg = Release|Any CPU
		{EA551617-8D6A-401D-8988-2BC8F0AE48B2}.Release|Any CPU.Build.0 = Release|Any CPU
		{3D811C26-CD50-434A-BA3B-A8C6339F9038}.Debug|Any CPU.ActiveCfg = Debug|Any CPU
		{3D811C26-CD50-434A-BA3B-A8C6339F9038}.Debug|Any CPU.Build.0 = Debug|Any CPU
		{3D811C26-CD50-434A-BA3B-A8C6339F9038}.Release|Any CPU.ActiveCfg = Release|Any CPU
		{3D811C26-CD50-434A-BA3B-A8C6339F9038}.Release|Any CPU.Build.0 = Release|Any CPU
	EndGlobalSection
	GlobalSection(SolutionProperties) = preSolution
		HideSolutionNode = FALSE
	EndGlobalSection
EndGlobal
